
Microsoft Visual Studio Solution File, Format Version 12.00
# Visual Studio Version 17
VisualStudioVersion = 17.14.36518.9 d17.14
MinimumVisualStudioVersion = 10.0.40219.1
Project("{FAE04EC0-301F-11D3-BF4B-00C04F79EFBC}") = "CityInfo.API", "CityInfo.API\CityInfo.API.csproj", "{6E7DF40D-BE68-4123-BE62-5B90E4F30263}"
EndProject
Global
	GlobalSection(SolutionConfigurationPlatforms) = preSolution
		Debug|Any CPU = Debug|Any CPU
		Release|Any CPU = Release|Any CPU
	EndGlobalSection
	GlobalSection(ProjectConfigurationPlatforms) = postSolution
		{6E7DF40D-BE68-4123-BE62-5B90E4F30263}.Debug|Any CPU.ActiveCfg = Debug|Any CPU
		{6E7DF40D-BE68-4123-BE62-5B90E4F30263}.Debug|Any CPU.Build.0 = Debug|Any CPU
		{6E7DF40D-BE68-4123-BE62-5B90E4F30263}.Release|Any CPU.ActiveCfg = Release|Any CPU
		{6E7DF40D-BE68-4123-BE62-5B90E4F30263}.Release|Any CPU.Build.0 = Release|Any CPU
	EndGlobalSection
	GlobalSection(SolutionProperties) = preSolution
		HideSolutionNode = FALSE
	EndGlobalSection
	GlobalSection(ExtensibilityGlobals) = postSolution
		SolutionGuid = {3127B91A-B031-4001-A2E8-270D1F0A8DB9}
	EndGlobalSection
EndGlobal
